
Microsoft Visual Studio Solution File, Format Version 12.00
# Visual Studio Version 17
VisualStudioVersion = 17.4.33213.308
MinimumVisualStudioVersion = 10.0.40219.1
Project("{FAE04EC0-301F-11D3-BF4B-00C04F79EFBC}") = "Svedocanstvo", "Svedocanstvo\Svedocanstvo.csproj", "{462661AE-7F3D-4CB1-A06B-23D00ECB146A}"
EndProject
Global
	GlobalSection(SolutionConfigurationPlatforms) = preSolution
		Debug|Any CPU = Debug|Any CPU
		Release|Any CPU = Release|Any CPU
	EndGlobalSection
	GlobalSection(ProjectConfigurationPlatforms) = postSolution
		{462661AE-7F3D-4CB1-A06B-23D00ECB146A}.Debug|Any CPU.ActiveCfg = Debug|Any CPU
		{462661AE-7F3D-4CB1-A06B-23D00ECB146A}.Debug|Any CPU.Build.0 = Debug|Any CPU
		{462661AE-7F3D-4CB1-A06B-23D00ECB146A}.Release|Any CPU.ActiveCfg = Release|Any CPU
		{462661AE-7F3D-4CB1-A06B-23D00ECB146A}.Release|Any CPU.Build.0 = Release|Any CPU
	EndGlobalSection
	GlobalSection(SolutionProperties) = preSolution
		HideSolutionNode = FALSE
	EndGlobalSection
	GlobalSection(ExtensibilityGlobals) = postSolution
		SolutionGuid = {F66B5FE5-8124-491F-9C5D-0487E519DF99}
	EndGlobalSection
EndGlobal
